
Microsoft Visual Studio Solution File, Format Version 12.00
# Visual Studio Version 17
VisualStudioVersion = 17.9.34607.119
MinimumVisualStudioVersion = 10.0.40219.1
Project("{8BC9CEB8-8B4A-11D0-8D11-00A0C91BC942}") = "AntBot", "AntBot.vcxproj", "{ECEA298A-C247-400F-927E-17D919B9EB69}"
EndProject
Global
	GlobalSection(SolutionConfigurationPlatforms) = preSolution
		BuildReleaseRun|x64 = BuildReleaseRun|x64
		BuildReleaseRun|x86 = BuildReleaseRun|x86
		Debug|x64 = Debug|x64
		Debug|x86 = Debug|x86
		Release|x64 = Release|x64
		Release|x86 = Release|x86
	EndGlobalSection
	GlobalSection(ProjectConfigurationPlatforms) = postSolution
		{ECEA298A-C247-400F-927E-17D919B9EB69}.BuildReleaseRun|x64.ActiveCfg = BuildReleaseRun|x64
		{ECEA298A-C247-400F-927E-17D919B9EB69}.BuildReleaseRun|x64.Build.0 = BuildReleaseRun|x64
		{ECEA298A-C247-400F-927E-17D919B9EB69}.BuildReleaseRun|x86.ActiveCfg = BuildReleaseRun|Win32
		{ECEA298A-C247-400F-927E-17D919B9EB69}.BuildReleaseRun|x86.Build.0 = BuildReleaseRun|Win32
		{ECEA298A-C247-400F-927E-17D919B9EB69}.Debug|x64.ActiveCfg = Debug|x64
		{ECEA298A-C247-400F-927E-17D919B9EB69}.Debug|x64.Build.0 = Debug|x64
		{ECEA298A-C247-400F-927E-17D919B9EB69}.Debug|x86.ActiveCfg = Debug|Win32
		{ECEA298A-C247-400F-927E-17D919B9EB69}.Debug|x86.Build.0 = Debug|Win32
		{ECEA298A-C247-400F-927E-17D919B9EB69}.Release|x64.ActiveCfg = Release|x64
		{ECEA298A-C247-400F-927E-17D919B9EB69}.Release|x64.Build.0 = Release|x64
		{ECEA298A-C247-400F-927E-17D919B9EB69}.Release|x86.ActiveCfg = Release|Win32
		{ECEA298A-C247-400F-927E-17D919B9EB69}.Release|x86.Build.0 = Release|Win32
	EndGlobalSection
	GlobalSection(SolutionProperties) = preSolution
		HideSolutionNode = FALSE
	EndGlobalSection
	GlobalSection(ExtensibilityGlobals) = postSolution
		SolutionGuid = {EFCE6FFA-C8AD-4522-ADCB-2217B9E78766}
	EndGlobalSection
EndGlobal
